
Microsoft Visual Studio Solution File, Format Version 12.00
# Visual Studio Version 16
VisualStudioVersion = 16.0.31729.503
MinimumVisualStudioVersion = 10.0.40219.1
Project("{FAE04EC0-301F-11D3-BF4B-00C04F79EFBC}") = "StockDiary", "StockDiary\StockDiary.csproj", "{271BD068-B856-4CB9-A3BA-BE476A8ABB2D}"
EndProject
Global
	GlobalSection(SolutionConfigurationPlatforms) = preSolution
		Debug|Any CPU = Debug|Any CPU
		Release|Any CPU = Release|Any CPU
	EndGlobalSection
	GlobalSection(ProjectConfigurationPlatforms) = postSolution
		{271BD068-B856-4CB9-A3BA-BE476A8ABB2D}.Debug|Any CPU.ActiveCfg = Debug|Any CPU
		{271BD068-B856-4CB9-A3BA-BE476A8ABB2D}.Debug|Any CPU.Build.0 = Debug|Any CPU
		{271BD068-B856-4CB9-A3BA-BE476A8ABB2D}.Release|Any CPU.ActiveCfg = Release|Any CPU
		{271BD068-B856-4CB9-A3BA-BE476A8ABB2D}.Release|Any CPU.Build.0 = Release|Any CPU
	EndGlobalSection
	GlobalSection(SolutionProperties) = preSolution
		HideSolutionNode = FALSE
	EndGlobalSection
	GlobalSection(ExtensibilityGlobals) = postSolution
		SolutionGuid = {B528784E-F4A3-43DF-900B-69339F7D630C}
	EndGlobalSection
EndGlobal
